
Microsoft Visual Studio Solution File, Format Version 12.00
# Visual Studio Version 16
VisualStudioVersion = 16.0.30114.105
MinimumVisualStudioVersion = 10.0.40219.1
Project("{FAE04EC0-301F-11D3-BF4B-00C04F79EFBC}") = "StockChessCS", "StockChessCS\StockChessCS.csproj", "{D703687B-258C-42F7-8465-48E7AF54D159}"
EndProject
Project("{FAE04EC0-301F-11D3-BF4B-00C04F79EFBC}") = "RoboChess", "RoboChess\RoboChess.csproj", "{183FE4B1-E234-42AE-B501-E973C33BDE23}"
EndProject
Global
	GlobalSection(SolutionConfigurationPlatforms) = preSolution
		Debug|Any CPU = Debug|Any CPU
		Release|Any CPU = Release|Any CPU
	EndGlobalSection
	GlobalSection(ProjectConfigurationPlatforms) = postSolution
		{D703687B-258C-42F7-8465-48E7AF54D159}.Debug|Any CPU.ActiveCfg = Debug|Any CPU
		{D703687B-258C-42F7-8465-48E7AF54D159}.Debug|Any CPU.Build.0 = Debug|Any CPU
		{D703687B-258C-42F7-8465-48E7AF54D159}.Release|Any CPU.ActiveCfg = Release|Any CPU
		{D703687B-258C-42F7-8465-48E7AF54D159}.Release|Any CPU.Build.0 = Release|Any CPU
		{183FE4B1-E234-42AE-B501-E973C33BDE23}.Debug|Any CPU.ActiveCfg = Debug|Any CPU
		{183FE4B1-E234-42AE-B501-E973C33BDE23}.Debug|Any CPU.Build.0 = Debug|Any CPU
		{183FE4B1-E234-42AE-B501-E973C33BDE23}.Release|Any CPU.ActiveCfg = Release|Any CPU
		{183FE4B1-E234-42AE-B501-E973C33BDE23}.Release|Any CPU.Build.0 = Release|Any CPU
	EndGlobalSection
	GlobalSection(SolutionProperties) = preSolution
		HideSolutionNode = FALSE
	EndGlobalSection
	GlobalSection(ExtensibilityGlobals) = postSolution
		SolutionGuid = {B4174FE0-10A0-4704-90A5-AC2001844F60}
	EndGlobalSection
EndGlobal
